// !$*UTF8*$!
{
	archiveVersion = 1;
	classes = {
	};
	objectVersion = 50;
	objects = {

/* Begin PBXBuildFile section */
		80AD748923F74AF90016B0C7 /* AppDelegate.swift in Sources */ = {isa = PBXBuildFile; fileRef = 80AD748823F74AF90016B0C7 /* AppDelegate.swift */; };
		80AD748B23F74AF90016B0C7 /* SceneDelegate.swift in Sources */ = {isa = PBXBuildFile; fileRef = 80AD748A23F74AF90016B0C7 /* SceneDelegate.swift */; };
		80AD748D23F74AF90016B0C7 /* ViewController.swift in Sources */ = {isa = PBXBuildFile; fileRef = 80AD748C23F74AF90016B0C7 /* ViewController.swift */; };
		80AD749023F74AF90016B0C7 /* Main.storyboard in Resources */ = {isa = PBXBuildFile; fileRef = 80AD748E23F74AF90016B0C7 /* Main.storyboard */; };
		80AD749323F74AF90016B0C7 /* swipeGestureTest.xcdatamodeld in Sources */ = {isa = PBXBuildFile; fileRef = 80AD749123F74AF90016B0C7 /* swipeGestureTest.xcdatamodeld */; };
		80AD749523F74AFA0016B0C7 /* Assets.xcassets in Resources */ = {isa = PBXBuildFile; fileRef = 80AD749423F74AFA0016B0C7 /* Assets.xcassets */; };
		80AD749823F74AFA0016B0C7 /* LaunchScreen.storyboard in Resources */ = {isa = PBXBuildFile; fileRef = 80AD749623F74AFA0016B0C7 /* LaunchScreen.storyboard */; };
		80AD74A323F74AFA0016B0C7 /* swipeGestureTestTests.swift in Sources */ = {isa = PBXBuildFile; fileRef = 80AD74A223F74AFA0016B0C7 /* swipeGestureTestTests.swift */; };
		80AD74AE23F74AFA0016B0C7 /* swipeGestureTestUITests.swift in Sources */ = {isa = PBXBuildFile; fileRef = 80AD74AD23F74AFA0016B0C7 /* swipeGestureTestUITests.swift */; };
/* End PBXBuildFile section */

/* Begin PBXContainerItemProxy section */
		80AD749F23F74AFA0016B0C7 /* PBXContainerItemProxy */ = {
			isa = PBXContainerItemProxy;
			containerPortal = 80AD747D23F74AF90016B0C7 /* Project object */;
			proxyType = 1;
			remoteGlobalIDString = 80AD748423F74AF90016B0C7;
			remoteInfo = swipeGestureTest;
		};
		80AD74AA23F74AFA0016B0C7 /* PBXContainerItemProxy */ = {
			isa = PBXContainerItemProxy;
			containerPortal = 80AD747D23F74AF90016B0C7 /* Project object */;
			proxyType = 1;
			remoteGlobalIDString = 80AD748423F74AF90016B0C7;
			remoteInfo = swipeGestureTest;
		};
/* End PBXContainerItemProxy section */

/* Begin PBXFileReference section */
		80AD748523F74AF90016B0C7 /* swipeGestureTest.app */ = {isa = PBXFileReference; explicitFileType = wrapper.application; includeInIndex = 0; path = swipeGestureTest.app; sourceTree = BUILT_PRODUCTS_DIR; };
		80AD748823F74AF90016B0C7 /* AppDelegate.swift */ = {isa = PBXFileReference; lastKnownFileType = sourcecode.swift; path = AppDelegate.swift; sourceTree = "<group>"; };
		80AD748A23F74AF90016B0C7 /* SceneDelegate.swift */ = {isa = PBXFileReference; lastKnownFileType = sourcecode.swift; path = SceneDelegate.swift; sourceTree = "<group>"; };
		80AD748C23F74AF90016B0C7 /* ViewController.swift */ = {isa = PBXFileReference; lastKnownFileType = sourcecode.swift; path = ViewController.swift; sourceTree = "<group>"; };
		80AD748F23F74AF90016B0C7 /* Base */ = {isa = PBXFileReference; lastKnownFileType = file.storyboard; name = Base; path = Base.lproj/Main.storyboard; sourceTree = "<group>"; };
		80AD749223F74AF90016B0C7 /* swipeGestureTest.xcdatamodel */ = {isa = PBXFileReference; lastKnownFileType = wrapper.xcdatamodel; path = swipeGestureTest.xcdatamodel; sourceTree = "<group>"; };
		80AD749423F74AFA0016B0C7 /* Assets.xcassets */ = {isa = PBXFileReference; lastKnownFileType = folder.assetcatalog; path = Assets.xcassets; sourceTree = "<group>"; };
		80AD749723F74AFA0016B0C7 /* Base */ = {isa = PBXFileReference; lastKnownFileType = file.storyboard; name = Base; path = Base.lproj/LaunchScreen.storyboard; sourceTree = "<group>"; };
		80AD749923F74AFA0016B0C7 /* Info.plist */ = {isa = PBXFileReference; lastKnownFileType = text.plist.xml; path = Info.plist; sourceTree = "<group>"; };
		80AD749E23F74AFA0016B0C7 /* swipeGestureTestTests.xctest */ = {isa = PBXFileReference; explicitFileType = wrapper.cfbundle; includeInIndex = 0; path = swipeGestureTestTests.xctest; sourceTree = BUILT_PRODUCTS_DIR; };
		80AD74A223F74AFA0016B0C7 /* swipeGestureTestTests.swift */ = {isa = PBXFileReference; lastKnownFileType = sourcecode.swift; path = swipeGestureTestTests.swift; sourceTree = "<group>"; };
		80AD74A423F74AFA0016B0C7 /* Info.plist */ = {isa = PBXFileReference; lastKnownFileType = text.plist.xml; path = Info.plist; sourceTree = "<group>"; };
		80AD74A923F74AFA0016B0C7 /* swipeGestureTestUITests.xctest */ = {isa = PBXFileReference; explicitFileType = wrapper.cfbundle; includeInIndex = 0; path = swipeGestureTestUITests.xctest; sourceTree = BUILT_PRODUCTS_DIR; };
		80AD74AD23F74AFA0016B0C7 /* swipeGestureTestUITests.swift */ = {isa = PBXFileReference; lastKnownFileType = sourcecode.swift; path = swipeGestureTestUITests.swift; sourceTree = "<group>"; };
		80AD74AF23F74AFA0016B0C7 /* Info.plist */ = {isa = PBXFileReference; lastKnownFileType = text.plist.xml; path = Info.plist; sourceTree = "<group>"; };
/* End PBXFileReference section */

/* Begin PBXFrameworksBuildPhase section */
		80AD748223F74AF90016B0C7 /* Frameworks */ = {
			isa = PBXFrameworksBuildPhase;
			buildActionMask = 2147483647;
			files = (
			);
			runOnlyForDeploymentPostprocessing = 0;
		};
		80AD749B23F74AFA0016B0C7 /* Frameworks */ = {
			isa = PBXFrameworksBuildPhase;
			buildActionMask = 2147483647;
			files = (
			);
			runOnlyForDeploymentPostprocessing = 0;
		};
		80AD74A623F74AFA0016B0C7 /* Frameworks */ = {
			isa = PBXFrameworksBuildPhase;
			buildActionMask = 2147483647;
			files = (
			);
			runOnlyForDeploymentPostprocessing = 0;
		};
/* End PBXFrameworksBuildPhase section */

/* Begin PBXGroup section */
		80AD747C23F74AF90016B0C7 = {
			isa = PBXGroup;
			children = (
				80AD748723F74AF90016B0C7 /* swipeGestureTest */,
				80AD74A123F74AFA0016B0C7 /* swipeGestureTestTests */,
				80AD74AC23F74AFA0016B0C7 /* swipeGestureTestUITests */,
				80AD748623F74AF90016B0C7 /* Products */,
			);
			sourceTree = "<group>";
		};
		80AD748623F74AF90016B0C7 /* Products */ = {
			isa = PBXGroup;
			children = (
				80AD748523F74AF90016B0C7 /* swipeGestureTest.app */,
				80AD749E23F74AFA0016B0C7 /* swipeGestureTestTests.xctest */,
				80AD74A923F74AFA0016B0C7 /* swipeGestureTestUITests.xctest */,
			);
			name = Products;
			sourceTree = "<group>";
		};
		80AD748723F74AF90016B0C7 /* swipeGestureTest */ = {
			isa = PBXGroup;
			children = (
				80AD748823F74AF90016B0C7 /* AppDelegate.swift */,
				80AD748A23F74AF90016B0C7 /* SceneDelegate.swift */,
				80AD748C23F74AF90016B0C7 /* ViewController.swift */,
				80AD748E23F74AF90016B0C7 /* Main.storyboard */,
				80AD749423F74AFA0016B0C7 /* Assets.xcassets */,
				80AD749623F74AFA0016B0C7 /* LaunchScreen.storyboard */,
				80AD749923F74AFA0016B0C7 /* Info.plist */,
				80AD749123F74AF90016B0C7 /* swipeGestureTest.xcdatamodeld */,
			);
			path = swipeGestureTest;
			sourceTree = "<group>";
		};
		80AD74A123F74AFA0016B0C7 /* swipeGestureTestTests */ = {
			isa = PBXGroup;
			children = (
				80AD74A223F74AFA0016B0C7 /* swipeGestureTestTests.swift */,
				80AD74A423F74AFA0016B0C7 /* Info.plist */,
			);
			path = swipeGestureTestTests;
			sourceTree = "<group>";
		};
		80AD74AC23F74AFA0016B0C7 /* swipeGestureTestUITests */ = {
			isa = PBXGroup;
			children = (
				80AD74AD23F74AFA0016B0C7 /* swipeGestureTestUITests.swift */,
				80AD74AF23F74AFA0016B0C7 /* Info.plist */,
			);
			path = swipeGestureTestUITests;
			sourceTree = "<group>";
		};
/* End PBXGroup section */

/* Begin PBXNativeTarget section */
		80AD748423F74AF90016B0C7 /* swipeGestureTest */ = {
			isa = PBXNativeTarget;
			buildConfigurationList = 80AD74B223F74AFA0016B0C7 /* Build configuration list for PBXNativeTarget "swipeGestureTest" */;
			buildPhases = (
				80AD748123F74AF90016B0C7 /* Sources */,
				80AD748223F74AF90016B0C7 /* Frameworks */,
				80AD748323F74AF90016B0C7 /* Resources */,
			);
			buildRules = (
			);
			dependencies = (
			);
			name = swipeGestureTest;
			productName = swipeGestureTest;
			productReference = 80AD748523F74AF90016B0C7 /* swipeGestureTest.app */;
			productType = "com.apple.product-type.application";
		};
		80AD749D23F74AFA0016B0C7 /* swipeGestureTestTests */ = {
			isa = PBXNativeTarget;
			buildConfigurationList = 80AD74B523F74AFA0016B0C7 /* Build configuration list for PBXNativeTarget "swipeGestureTestTests" */;
			buildPhases = (
				80AD749A23F74AFA0016B0C7 /* Sources */,
				80AD749B23F74AFA0016B0C7 /* Frameworks */,
				80AD749C23F74AFA0016B0C7 /* Resources */,
			);
			buildRules = (
			);
			dependencies = (
				80AD74A023F74AFA0016B0C7 /* PBXTargetDependency */,
			);
			name = swipeGestureTestTests;
			productName = swipeGestureTestTests;
			productReference = 80AD749E23F74AFA0016B0C7 /* swipeGestureTestTests.xctest */;
			productType = "com.apple.product-type.bundle.unit-test";
		};
		80AD74A823F74AFA0016B0C7 /* swipeGestureTestUITests */ = {
			isa = PBXNativeTarget;
			buildConfigurationList = 80AD74B823F74AFA0016B0C7 /* Build configuration list for PBXNativeTarget "swipeGestureTestUITests" */;
			buildPhases = (
				80AD74A523F74AFA0016B0C7 /* Sources */,
				80AD74A623F74AFA0016B0C7 /* Frameworks */,
				80AD74A723F74AFA0016B0C7 /* Resources */,
			);
			buildRules = (
			);
			dependencies = (
				80AD74AB23F74AFA0016B0C7 /* PBXTargetDependency */,
			);
			name = swipeGestureTestUITests;
			productName = swipeGestureTestUITests;
			productReference = 80AD74A923F74AFA0016B0C7 /* swipeGestureTestUITests.xctest */;
			productType = "com.apple.product-type.bundle.ui-testing";
		};
/* End PBXNativeTarget section */

/* Begin PBXProject section */
		80AD747D23F74AF90016B0C7 /* Project object */ = {
			isa = PBXProject;
			attributes = {
				LastSwiftUpdateCheck = 1120;
				LastUpgradeCheck = 1120;
				ORGANIZATIONNAME = "Barry Hubler";
				TargetAttributes = {
					80AD748423F74AF90016B0C7 = {
						CreatedOnToolsVersion = 11.2.1;
					};
					80AD749D23F74AFA0016B0C7 = {
						CreatedOnToolsVersion = 11.2.1;
						TestTargetID = 80AD748423F74AF90016B0C7;
					};
					80AD74A823F74AFA0016B0C7 = {
						CreatedOnToolsVersion = 11.2.1;
						TestTargetID = 80AD748423F74AF90016B0C7;
					};
				};
			};
			buildConfigurationList = 80AD748023F74AF90016B0C7 /* Build configuration list for PBXProject "swipeGestureTest" */;
			compatibilityVersion = "Xcode 9.3";
			developmentRegion = en;
			hasScannedForEncodings = 0;
			knownRegions = (
				en,
				Base,
			);
			mainGroup = 80AD747C23F74AF90016B0C7;
			productRefGroup = 80AD748623F74AF90016B0C7 /* Products */;
			projectDirPath = "";
			projectRoot = "";
			targets = (
				80AD748423F74AF90016B0C7 /* swipeGestureTest */,
				80AD749D23F74AFA0016B0C7 /* swipeGestureTestTests */,
				80AD74A823F74AFA0016B0C7 /* swipeGestureTestUITests */,
			);
		};
/* End PBXProject section */

/* Begin PBXResourcesBuildPhase section */
		80AD748323F74AF90016B0C7 /* Resources */ = {
			isa = PBXResourcesBuildPhase;
			buildActionMask = 2147483647;
			files = (
				80AD749823F74AFA0016B0C7 /* LaunchScreen.storyboard in Resources */,
				80AD749523F74AFA0016B0C7 /* Assets.xcassets in Resources */,
				80AD749023F74AF90016B0C7 /* Main.storyboard in Resources */,
			);
			runOnlyForDeploymentPostprocessing = 0;
		};
		80AD749C23F74AFA0016B0C7 /* Resources */ = {
			isa = PBXResourcesBuildPhase;
			buildActionMask = 2147483647;
			files = (
			);
			runOnlyForDeploymentPostprocessing = 0;
		};
		80AD74A723F74AFA0016B0C7 /* Resources */ = {
			isa = PBXResourcesBuildPhase;
			buildActionMask = 2147483647;
			files = (
			);
			runOnlyForDeploymentPostprocessing = 0;
		};
/* End PBXResourcesBuildPhase section */

/* Begin PBXSourcesBuildPhase section */
		80AD748123F74AF90016B0C7 /* Sources */ = {
			isa = PBXSourcesBuildPhase;
			buildActionMask = 2147483647;
			files = (
				80AD749323F74AF90016B0C7 /* swipeGestureTest.xcdatamodeld in Sources */,
				80AD748D23F74AF90016B0C7 /* ViewController.swift in Sources */,
				80AD748923F74AF90016B0C7 /* AppDelegate.swift in Sources */,
				80AD748B23F74AF90016B0C7 /* SceneDelegate.swift in Sources */,
			);
			runOnlyForDeploymentPostprocessing = 0;
		};
		80AD749A23F74AFA0016B0C7 /* Sources */ = {
			isa = PBXSourcesBuildPhase;
			buildActionMask = 2147483647;
			files = (
				80AD74A323F74AFA0016B0C7 /* swipeGestureTestTests.swift in Sources */,
			);
			runOnlyForDeploymentPostprocessing = 0;
		};
		80AD74A523F74AFA0016B0C7 /* Sources */ = {
			isa = PBXSourcesBuildPhase;
			buildActionMask = 2147483647;
			files = (
				80AD74AE23F74AFA0016B0C7 /* swipeGestureTestUITests.swift in Sources */,
			);
			runOnlyForDeploymentPostprocessing = 0;
		};
/* End PBXSourcesBuildPhase section */

/* Begin PBXTargetDependency section */
		80AD74A023F74AFA0016B0C7 /* PBXTargetDependency */ = {
			isa = PBXTargetDependency;
			target = 80AD748423F74AF90016B0C7 /* swipeGestureTest */;
			targetProxy = 80AD749F23F74AFA0016B0C7 /* PBXContainerItemProxy */;
		};
		80AD74AB23F74AFA0016B0C7 /* PBXTargetDependency */ = {
			isa = PBXTargetDependency;
			target = 80AD748423F74AF90016B0C7 /* swipeGestureTest */;
			targetProxy = 80AD74AA23F74AFA0016B0C7 /* PBXContainerItemProxy */;
		};
/* End PBXTargetDependency section */

/* Begin PBXVariantGroup section */
		80AD748E23F74AF90016B0C7 /* Main.storyboard */ = {
			isa = PBXVariantGroup;
			children = (
				80AD748F23F74AF90016B0C7 /* Base */,
			);
			name = Main.storyboard;
			sourceTree = "<group>";
		};
		80AD749623F74AFA0016B0C7 /* LaunchScreen.storyboard */ = {
			isa = PBXVariantGroup;
			children = (
				80AD749723F74AFA0016B0C7 /* Base */,
			);
			name = LaunchScreen.storyboard;
			sourceTree = "<group>";
		};
/* End PBXVariantGroup section */

/* Begin XCBuildConfiguration section */
		80AD74B023F74AFA0016B0C7 /* Debug */ = {
			isa = XCBuildConfiguration;
			buildSettings = {
				ALWAYS_SEARCH_USER_PATHS = NO;
				CLANG_ANALYZER_NONNULL = YES;
				CLANG_ANALYZER_NUMBER_OBJECT_CONVERSION = YES_AGGRESSIVE;
				CLANG_CXX_LANGUAGE_STANDARD = "gnu++14";
				CLANG_CXX_LIBRARY = "libc++";
				CLANG_ENABLE_MODULES = YES;
				CLANG_ENABLE_OBJC_ARC = YES;
				CLANG_ENABLE_OBJC_WEAK = YES;
				CLANG_WARN_BLOCK_CAPTURE_AUTORELEASING = YES;
				CLANG_WARN_BOOL_CONVERSION = YES;
				CLANG_WARN_COMMA = YES;
				CLANG_WARN_CONSTANT_CONVERSION = YES;
				CLANG_WARN_DEPRECATED_OBJC_IMPLEMENTATIONS = YES;
				CLANG_WARN_DIRECT_OBJC_ISA_USAGE = YES_ERROR;
				CLANG_WARN_DOCUMENTATION_COMMENTS = YES;
				CLANG_WARN_EMPTY_BODY = YES;
				CLANG_WARN_ENUM_CONVERSION = YES;
				CLANG_WARN_INFINITE_RECURSION = YES;
				CLANG_WARN_INT_CONVERSION = YES;
				CLANG_WARN_NON_LITERAL_NULL_CONVERSION = YES;
				CLANG_WARN_OBJC_IMPLICIT_RETAIN_SELF = YES;
				CLANG_WARN_OBJC_LITERAL_CONVERSION = YES;
				CLANG_WARN_OBJC_ROOT_CLASS = YES_ERROR;
				CLANG_WARN_RANGE_LOOP_ANALYSIS = YES;
				CLANG_WARN_STRICT_PROTOTYPES = YES;
				CLANG_WARN_SUSPICIOUS_MOVE = YES;
				CLANG_WARN_UNGUARDED_AVAILABILITY = YES_AGGRESSIVE;
				CLANG_WARN_UNREACHABLE_CODE = YES;
				CLANG_WARN__DUPLICATE_METHOD_MATCH = YES;
				COPY_PHASE_STRIP = NO;
				DEBUG_INFORMATION_FORMAT = dwarf;
				ENABLE_STRICT_OBJC_MSGSEND = YES;
				ENABLE_TESTABILITY = YES;
				GCC_C_LANGUAGE_STANDARD = gnu11;
				GCC_DYNAMIC_NO_PIC = NO;
				GCC_NO_COMMON_BLOCKS = YES;
				GCC_OPTIMIZATION_LEVEL = 0;
				GCC_PREPROCESSOR_DEFINITIONS = (
					"DEBUG=1",
					"$(inherited)",
				);
				GCC_WARN_64_TO_32_BIT_CONVERSION = YES;
				GCC_WARN_ABOUT_RETURN_TYPE = YES_ERROR;
				GCC_WARN_UNDECLARED_SELECTOR = YES;
				GCC_WARN_UNINITIALIZED_AUTOS = YES_AGGRESSIVE;
				GCC_WARN_UNUSED_FUNCTION = YES;
				GCC_WARN_UNUSED_VARIABLE = YES;
				IPHONEOS_DEPLOYMENT_TARGET = 13.2;
				MTL_ENABLE_DEBUG_INFO = INCLUDE_SOURCE;
				MTL_FAST_MATH = YES;
				ONLY_ACTIVE_ARCH = YES;
				SDKROOT = iphoneos;
				SWIFT_ACTIVE_COMPILATION_CONDITIONS = DEBUG;
				SWIFT_OPTIMIZATION_LEVEL = "-Onone";
			};
			name = Debug;
		};
		80AD74B123F74AFA0016B0C7 /* Release */ = {
			isa = XCBuildConfiguration;
			buildSettings = {
				ALWAYS_SEARCH_USER_PATHS = NO;
				CLANG_ANALYZER_NONNULL = YES;
				CLANG_ANALYZER_NUMBER_OBJECT_CONVERSION = YES_AGGRESSIVE;
				CLANG_CXX_LANGUAGE_STANDARD = "gnu++14";
				CLANG_CXX_LIBRARY = "libc++";
				CLANG_ENABLE_MODULES = YES;
				CLANG_ENABLE_OBJC_ARC = YES;
				CLANG_ENABLE_OBJC_WEAK = YES;
				CLANG_WARN_BLOCK_CAPTURE_AUTORELEASING = YES;
				CLANG_WARN_BOOL_CONVERSION = YES;
				CLANG_WARN_COMMA = YES;
				CLANG_WARN_CONSTANT_CONVERSION = YES;
				CLANG_WARN_DEPRECATED_OBJC_IMPLEMENTATIONS = YES;
				CLANG_WARN_DIRECT_OBJC_ISA_USAGE = YES_ERROR;
				CLANG_WARN_DOCUMENTATION_COMMENTS = YES;
				CLANG_WARN_EMPTY_BODY = YES;
				CLANG_WARN_ENUM_CONVERSION = YES;
				CLANG_WARN_INFINITE_RECURSION = YES;
				CLANG_WARN_INT_CONVERSION = YES;
				CLANG_WARN_NON_LITERAL_NULL_CONVERSION = YES;
				CLANG_WARN_OBJC_IMPLICIT_RETAIN_SELF = YES;
				CLANG_WARN_OBJC_LITERAL_CONVERSION = YES;
				CLANG_WARN_OBJC_ROOT_CLASS = YES_ERROR;
				CLANG_WARN_RANGE_LOOP_ANALYSIS = YES;
				CLANG_WARN_STRICT_PROTOTYPES = YES;
				CLANG_WARN_SUSPICIOUS_MOVE = YES;
				CLANG_WARN_UNGUARDED_AVAILABILITY = YES_AGGRESSIVE;
				CLANG_WARN_UNREACHABLE_CODE = YES;
				CLANG_WARN__DUPLICATE_METHOD_MATCH = YES;
				COPY_PHASE_STRIP = NO;
				DEBUG_INFORMATION_FORMAT = "dwarf-with-dsym";
				ENABLE_NS_ASSERTIONS = NO;
				ENABLE_STRICT_OBJC_MSGSEND = YES;
				GCC_C_LANGUAGE_STANDARD = gnu11;
				GCC_NO_COMMON_BLOCKS = YES;
				GCC_WARN_64_TO_32_BIT_CONVERSION = YES;
				GCC_WARN_ABOUT_RETURN_TYPE = YES_ERROR;
				GCC_WARN_UNDECLARED_SELECTOR = YES;
				GCC_WARN_UNINITIALIZED_AUTOS = YES_AGGRESSIVE;
				GCC_WARN_UNUSED_FUNCTION = YES;
				GCC_WARN_UNUSED_VARIABLE = YES;
				IPHONEOS_DEPLOYMENT_TARGET = 13.2;
				MTL_ENABLE_DEBUG_INFO = NO;
				MTL_FAST_MATH = YES;
				SDKROOT = iphoneos;
				SWIFT_COMPILATION_MODE = wholemodule;
				SWIFT_OPTIMIZATION_LEVEL = "-O";
				VALIDATE_PRODUCT = YES;
			};
			name = Release;
		};
		80AD74B323F74AFA0016B0C7 /* Debug */ = {
			isa = XCBuildConfiguration;
			buildSettings = {
				ASSETCATALOG_COMPILER_APPICON_NAME = AppIcon;
				CODE_SIGN_STYLE = Automatic;
				DEVELOPMENT_TEAM = L8H3KHZA39;
				INFOPLIST_FILE = swipeGestureTest/Info.plist;
				LD_RUNPATH_SEARCH_PATHS = (
					"$(inherited)",
					"@executable_path/Frameworks",
				);
				PRODUCT_BUNDLE_IDENTIFIER = sgt.swipeGestureTest;
				PRODUCT_NAME = "$(TARGET_NAME)";
				SWIFT_VERSION = 5.0;
				TARGETED_DEVICE_FAMILY = "1,2";
			};
			name = Debug;
		};
		80AD74B423F74AFA0016B0C7 /* Release */ = {
			isa = XCBuildConfiguration;
			buildSettings = {
				ASSETCATALOG_COMPILER_APPICON_NAME = AppIcon;
				CODE_SIGN_STYLE = Automatic;
				DEVELOPMENT_TEAM = L8H3KHZA39;
				INFOPLIST_FILE = swipeGestureTest/Info.plist;
				LD_RUNPATH_SEARCH_PATHS = (
					"$(inherited)",
					"@executable_path/Frameworks",
				);
				PRODUCT_BUNDLE_IDENTIFIER = sgt.swipeGestureTest;
				PRODUCT_NAME = "$(TARGET_NAME)";
				SWIFT_VERSION = 5.0;
				TARGETED_DEVICE_FAMILY = "1,2";
			};
			name = Release;
		};
		80AD74B623F74AFA0016B0C7 /* Debug */ = {
			isa = XCBuildConfiguration;
			buildSettings = {
				ALWAYS_EMBED_SWIFT_STANDARD_LIBRARIES = YES;
				BUNDLE_LOADER = "$(TEST_HOST)";
				CODE_SIGN_STYLE = Automatic;
				DEVELOPMENT_TEAM = L8H3KHZA39;
				INFOPLIST_FILE = swipeGestureTestTests/Info.plist;
				IPHONEOS_DEPLOYMENT_TARGET = 13.2;
				LD_RUNPATH_SEARCH_PATHS = (
					"$(inherited)",
					"@executable_path/Frameworks",
					"@loader_path/Frameworks",
				);
				PRODUCT_BUNDLE_IDENTIFIER = sgt.swipeGestureTestTests;
				PRODUCT_NAME = "$(TARGET_NAME)";
				SWIFT_VERSION = 5.0;
				TARGETED_DEVICE_FAMILY = "1,2";
				TEST_HOST = "$(BUILT_PRODUCTS_DIR)/swipeGestureTest.app/swipeGestureTest";
			};
			name = Debug;
		};
		80AD74B723F74AFA0016B0C7 /* Release */ = {
			isa = XCBuildConfiguration;
			buildSettings = {
				ALWAYS_EMBED_SWIFT_STANDARD_LIBRARIES = YES;
				BUNDLE_LOADER = "$(TEST_HOST)";
				CODE_SIGN_STYLE = Automatic;
				DEVELOPMENT_TEAM = L8H3KHZA39;
				INFOPLIST_FILE = swipeGestureTestTests/Info.plist;
				IPHONEOS_DEPLOYMENT_TARGET = 13.2;
				LD_RUNPATH_SEARCH_PATHS = (
					"$(inherited)",
					"@executable_path/Frameworks",
					"@loader_path/Frameworks",
				);
				PRODUCT_BUNDLE_IDENTIFIER = sgt.swipeGestureTestTests;
				PRODUCT_NAME = "$(TARGET_NAME)";
				SWIFT_VERSION = 5.0;
				TARGETED_DEVICE_FAMILY = "1,2";
				TEST_HOST = "$(BUILT_PRODUCTS_DIR)/swipeGestureTest.app/swipeGestureTest";
			};
			name = Release;
		};
		80AD74B923F74AFA0016B0C7 /* Debug */ = {
			isa = XCBuildConfiguration;
			buildSettings = {
				ALWAYS_EMBED_SWIFT_STANDARD_LIBRARIES = YES;
				CODE_SIGN_STYLE = Automatic;
				DEVELOPMENT_TEAM = L8H3KHZA39;
				INFOPLIST_FILE = swipeGestureTestUITests/Info.plist;
				LD_RUNPATH_SEARCH_PATHS = (
					"$(inherited)",
					"@executable_path/Frameworks",
					"@loader_path/Frameworks",
				);
				PRODUCT_BUNDLE_IDENTIFIER = sgt.swipeGestureTestUITests;
				PRODUCT_NAME = "$(TARGET_NAME)";
				SWIFT_VERSION = 5.0;
				TARGETED_DEVICE_FAMILY = "1,2";
				TEST_TARGET_NAME = swipeGestureTest;
			};
			name = Debug;
		};
		80AD74BA23F74AFA0016B0C7 /* Release */ = {
			isa = XCBuildConfiguration;
			buildSettings = {
				ALWAYS_EMBED_SWIFT_STANDARD_LIBRARIES = YES;
				CODE_SIGN_STYLE = Automatic;
				DEVELOPMENT_TEAM = L8H3KHZA39;
				INFOPLIST_FILE = swipeGestureTestUITests/Info.plist;
				LD_RUNPATH_SEARCH_PATHS = (
					"$(inherited)",
					"@executable_path/Frameworks",
					"@loader_path/Frameworks",
				);
				PRODUCT_BUNDLE_IDENTIFIER = sgt.swipeGestureTestUITests;
				PRODUCT_NAME = "$(TARGET_NAME)";
				SWIFT_VERSION = 5.0;
				TARGETED_DEVICE_FAMILY = "1,2";
				TEST_TARGET_NAME = swipeGestureTest;
			};
			name = Release;
		};
/* End XCBuildConfiguration section */

/* Begin XCConfigurationList section */
		80AD748023F74AF90016B0C7 /* Build configuration list for PBXProject "swipeGestureTest" */ = {
			isa = XCConfigurationList;
			buildConfigurations = (
				80AD74B023F74AFA0016B0C7 /* Debug */,
				80AD74B123F74AFA0016B0C7 /* Release */,
			);
			defaultConfigurationIsVisible = 0;
			defaultConfigurationName = Release;
		};
		80AD74B223F74AFA0016B0C7 /* Build configuration list for PBXNativeTarget "swipeGestureTest" */ = {
			isa = XCConfigurationList;
			buildConfigurations = (
				80AD74B323F74AFA0016B0C7 /* Debug */,
				80AD74B423F74AFA0016B0C7 /* Release */,
			);
			defaultConfigurationIsVisible = 0;
			defaultConfigurationName = Release;
		};
		80AD74B523F74AFA0016B0C7 /* Build configuration list for PBXNativeTarget "swipeGestureTestTests" */ = {
			isa = XCConfigurationList;
			buildConfigurations = (
				80AD74B623F74AFA0016B0C7 /* Debug */,
				80AD74B723F74AFA0016B0C7 /* Release */,
			);
			defaultConfigurationIsVisible = 0;
			defaultConfigurationName = Release;
		};
		80AD74B823F74AFA0016B0C7 /* Build configuration list for PBXNativeTarget "swipeGestureTestUITests" */ = {
			isa = XCConfigurationList;
			buildConfigurations = (
				80AD74B923F74AFA0016B0C7 /* Debug */,
				80AD74BA23F74AFA0016B0C7 /* Release */,
			);
			defaultConfigurationIsVisible = 0;
			defaultConfigurationName = Release;
		};
/* End XCConfigurationList section */

/* Begin XCVersionGroup section */
		80AD749123F74AF90016B0C7 /* swipeGestureTest.xcdatamodeld */ = {
			isa = XCVersionGroup;
			children = (
				80AD749223F74AF90016B0C7 /* swipeGestureTest.xcdatamodel */,
			);
			currentVersion = 80AD749223F74AF90016B0C7 /* swipeGestureTest.xcdatamodel */;
			path = swipeGestureTest.xcdatamodeld;
			sourceTree = "<group>";
			versionGroupType = wrapper.xcdatamodel;
		};
/* End XCVersionGroup section */
	};
	rootObject = 80AD747D23F74AF90016B0C7 /* Project object */;
}
